// !$*UTF8*$!
{
	archiveVersion = 1;
	classes = {
	};
	objectVersion = 46;
	objects = {

/* Begin PBXBuildFile section */
		370861401D17151F00C89394 /* Water.wav in Resources */ = {isa = PBXBuildFile; fileRef = 3708613F1D17151F00C89394 /* Water.wav */; };
		3741F5A11D8B513E00F7598E /* Splash.mp3 in Resources */ = {isa = PBXBuildFile; fileRef = 3741F5A01D8B513E00F7598E /* Splash.mp3 */; };
		3741F5AA1D8ED61D00F7598E /* AppUserDefaults.swift in Sources */ = {isa = PBXBuildFile; fileRef = 3741F5A91D8ED61D00F7598E /* AppUserDefaults.swift */; };
		3741F5B01D8F009200F7598E /* StoryBoardExtension.swift in Sources */ = {isa = PBXBuildFile; fileRef = 3741F5AF1D8F009200F7598E /* StoryBoardExtension.swift */; };
		3741F5B21D8F119200F7598E /* Localizable.strings in Resources */ = {isa = PBXBuildFile; fileRef = 3741F5B11D8F119200F7598E /* Localizable.strings */; };
		375831271DB2D48200ED136E /* InformationViewControllerState.swift in Sources */ = {isa = PBXBuildFile; fileRef = 375831261DB2D48200ED136E /* InformationViewControllerState.swift */; };
		375F4FE11CEA91A6009C14AE /* MainViewController.swift in Sources */ = {isa = PBXBuildFile; fileRef = 375F4FE01CEA91A6009C14AE /* MainViewController.swift */; };
		375F4FE71CEA91A6009C14AE /* H2O.xcdatamodeld in Sources */ = {isa = PBXBuildFile; fileRef = 375F4FE51CEA91A6009C14AE /* H2O.xcdatamodeld */; };
		375F4FE91CEA91A6009C14AE /* Assets.xcassets in Resources */ = {isa = PBXBuildFile; fileRef = 375F4FE81CEA91A6009C14AE /* Assets.xcassets */; };
		375F4FEC1CEA91A6009C14AE /* LaunchScreen.storyboard in Resources */ = {isa = PBXBuildFile; fileRef = 375F4FEA1CEA91A6009C14AE /* LaunchScreen.storyboard */; };
		3763BDAF1D313D8700FDEBD6 /* HealthManager.swift in Sources */ = {isa = PBXBuildFile; fileRef = 3763BDAE1D313D8700FDEBD6 /* HealthManager.swift */; };
		3780931F1D7BD531007CF646 /* Global.swift in Sources */ = {isa = PBXBuildFile; fileRef = 3780931E1D7BD531007CF646 /* Global.swift */; };
		378093211D7D1916007CF646 /* GSAnimatingProgressLayer.swift in Sources */ = {isa = PBXBuildFile; fileRef = 378093201D7D1916007CF646 /* GSAnimatingProgressLayer.swift */; };
		378093241D7D254B007CF646 /* H2OFluidView.swift in Sources */ = {isa = PBXBuildFile; fileRef = 378093231D7D254B007CF646 /* H2OFluidView.swift */; };
		3784BD041D86369D00DB581D /* QuickAdd.mp3 in Resources */ = {isa = PBXBuildFile; fileRef = 3784BD031D86369C00DB581D /* QuickAdd.mp3 */; };
		3785665D1CEA941A003418C2 /* StandardColors.swift in Sources */ = {isa = PBXBuildFile; fileRef = 3785665C1CEA941A003418C2 /* StandardColors.swift */; };
		378566641CEA9645003418C2 /* User+CoreDataProperties.swift in Sources */ = {isa = PBXBuildFile; fileRef = 3785665E1CEA9645003418C2 /* User+CoreDataProperties.swift */; };
		378566651CEA9645003418C2 /* User.swift in Sources */ = {isa = PBXBuildFile; fileRef = 3785665F1CEA9645003418C2 /* User.swift */; };
		378566681CEA9645003418C2 /* Entry+CoreDataProperties.swift in Sources */ = {isa = PBXBuildFile; fileRef = 378566621CEA9645003418C2 /* Entry+CoreDataProperties.swift */; };
		378566691CEA9645003418C2 /* Entry.swift in Sources */ = {isa = PBXBuildFile; fileRef = 378566631CEA9645003418C2 /* Entry.swift */; };
		3785666C1CEAA161003418C2 /* EntryButton.swift in Sources */ = {isa = PBXBuildFile; fileRef = 3785666B1CEAA161003418C2 /* EntryButton.swift */; };
		3785666E1CEAA16C003418C2 /* CustomEntryButton.swift in Sources */ = {isa = PBXBuildFile; fileRef = 3785666D1CEAA16C003418C2 /* CustomEntryButton.swift */; };
		378566701CEAA190003418C2 /* DailyEntryDial.swift in Sources */ = {isa = PBXBuildFile; fileRef = 3785666F1CEAA190003418C2 /* DailyEntryDial.swift */; };
		378566751CEAA27E003418C2 /* Bariol_Bold.otf in Resources */ = {isa = PBXBuildFile; fileRef = 378566711CEAA27E003418C2 /* Bariol_Bold.otf */; };
		378566761CEAA27E003418C2 /* Bariol_Light.otf in Resources */ = {isa = PBXBuildFile; fileRef = 378566721CEAA27E003418C2 /* Bariol_Light.otf */; };
		378566781CEAA27E003418C2 /* Bariol_Thin.otf in Resources */ = {isa = PBXBuildFile; fileRef = 378566741CEAA27E003418C2 /* Bariol_Thin.otf */; };
		3785667B1CEAA29C003418C2 /* CoreText.framework in Frameworks */ = {isa = PBXBuildFile; fileRef = 3785667A1CEAA29C003418C2 /* CoreText.framework */; };
		37A182601CEB942E0055DA02 /* AudioToolbox.swift in Sources */ = {isa = PBXBuildFile; fileRef = 37A1825F1CEB942E0055DA02 /* AudioToolbox.swift */; };
		37A182621CEB94A80055DA02 /* Pop_A.wav in Resources */ = {isa = PBXBuildFile; fileRef = 37A182611CEB94A80055DA02 /* Pop_A.wav */; };
		37A182661CEBC2190055DA02 /* SettingsViewController.swift in Sources */ = {isa = PBXBuildFile; fileRef = 37A182651CEBC2190055DA02 /* SettingsViewController.swift */; };
		37A182681CEBC8170055DA02 /* SettingsTableViewCell.swift in Sources */ = {isa = PBXBuildFile; fileRef = 37A182671CEBC8170055DA02 /* SettingsTableViewCell.swift */; };
		37A1826A1CEBF4E30055DA02 /* PresetValueChangerView.swift in Sources */ = {isa = PBXBuildFile; fileRef = 37A182691CEBF4E30055DA02 /* PresetValueChangerView.swift */; };
		37ADB1561CFBA33A00BE3711 /* GSFluidLayout.swift in Sources */ = {isa = PBXBuildFile; fileRef = 37ADB1551CFBA33A00BE3711 /* GSFluidLayout.swift */; };
		37ADB1581CFCCFEC00BE3711 /* NightModeProtocol.swift in Sources */ = {isa = PBXBuildFile; fileRef = 37ADB1571CFCCFEC00BE3711 /* NightModeProtocol.swift */; };
		37ADB15A1CFFB27900BE3711 /* WeekBarGraphView.swift in Sources */ = {isa = PBXBuildFile; fileRef = 37ADB1591CFFB27900BE3711 /* WeekBarGraphView.swift */; };
		37B5A4751D895D5D009857CF /* GSFluidNode.swift in Sources */ = {isa = PBXBuildFile; fileRef = 37B5A4741D895D5D009857CF /* GSFluidNode.swift */; };
		37C81B231D902FBA00B6DA9F /* WatchConnection.swift in Sources */ = {isa = PBXBuildFile; fileRef = 37C81B221D902FBA00B6DA9F /* WatchConnection.swift */; };
		37C81B2B1D9189C100B6DA9F /* AppDelegate.swift in Sources */ = {isa = PBXBuildFile; fileRef = 37C81B2A1D9189C100B6DA9F /* AppDelegate.swift */; };
		37C81B371D918C3B00B6DA9F /* Main.storyboard in Resources */ = {isa = PBXBuildFile; fileRef = 37C81B351D918C3B00B6DA9F /* Main.storyboard */; };
		37C81B3B1D91C81700B6DA9F /* WatchSyncEngine.swift in Sources */ = {isa = PBXBuildFile; fileRef = 37C81B3A1D91C81700B6DA9F /* WatchSyncEngine.swift */; };
		37C9683D1D5414DE000DE5C0 /* CRToast.framework in Frameworks */ = {isa = PBXBuildFile; fileRef = 37E0D7211CF0C164004ABFAF /* CRToast.framework */; };
		37C9683E1D5414DE000DE5C0 /* CRToast.framework in Embed Frameworks */ = {isa = PBXBuildFile; fileRef = 37E0D7211CF0C164004ABFAF /* CRToast.framework */; settings = {ATTRIBUTES = (CodeSignOnCopy, RemoveHeadersOnCopy, ); }; };
		37E0D6EB1CECF3B3004ABFAF /* CustomEntryView.swift in Sources */ = {isa = PBXBuildFile; fileRef = 37E0D6EA1CECF3B3004ABFAF /* CustomEntryView.swift */; };
		37E0D6EF1CED2D95004ABFAF /* Constants.swift in Sources */ = {isa = PBXBuildFile; fileRef = 37E0D6EE1CED2D95004ABFAF /* Constants.swift */; };
		37E0D6F11CEE2649004ABFAF /* Alert Error.wav in Resources */ = {isa = PBXBuildFile; fileRef = 37E0D6F01CEE2649004ABFAF /* Alert Error.wav */; };
		37E0D6F31CEE26E9004ABFAF /* b4.wav in Resources */ = {isa = PBXBuildFile; fileRef = 37E0D6F21CEE26E9004ABFAF /* b4.wav */; };
		37E0D6FE1CEF66A7004ABFAF /* H2OTests.swift in Sources */ = {isa = PBXBuildFile; fileRef = 37E0D6FD1CEF66A7004ABFAF /* H2OTests.swift */; };
		37E0D71D1CEFE9B1004ABFAF /* DateExtension.swift in Sources */ = {isa = PBXBuildFile; fileRef = 37E0D71B1CEFE9AD004ABFAF /* DateExtension.swift */; };
		37E0D7201CF01F22004ABFAF /* SettingsPresetTableViewCell.swift in Sources */ = {isa = PBXBuildFile; fileRef = 37E0D71F1CF01F22004ABFAF /* SettingsPresetTableViewCell.swift */; };
		37E0D7281CF0C181004ABFAF /* ToastNotificationManager.m in Sources */ = {isa = PBXBuildFile; fileRef = 37E0D7271CF0C181004ABFAF /* ToastNotificationManager.m */; };
		37E0D72C1CF0F033004ABFAF /* ViewControllerExtension.swift in Sources */ = {isa = PBXBuildFile; fileRef = 37E0D72B1CF0F033004ABFAF /* ViewControllerExtension.swift */; };
		37E0D72E1CF0FDF0004ABFAF /* Click.wav in Resources */ = {isa = PBXBuildFile; fileRef = 37E0D72D1CF0FDF0004ABFAF /* Click.wav */; };
		37E0D75C1CF11561004ABFAF /* L360ConfettiArea.m in Sources */ = {isa = PBXBuildFile; fileRef = 37E0D7571CF11561004ABFAF /* L360ConfettiArea.m */; };
		37E0D75D1CF11561004ABFAF /* L360ConfettiObject.m in Sources */ = {isa = PBXBuildFile; fileRef = 37E0D7591CF11561004ABFAF /* L360ConfettiObject.m */; };
		37E0D75E1CF11561004ABFAF /* L360ConfettiView.m in Sources */ = {isa = PBXBuildFile; fileRef = 37E0D75B1CF11561004ABFAF /* L360ConfettiView.m */; };
		37E0D7601CF11870004ABFAF /* Well done.wav in Resources */ = {isa = PBXBuildFile; fileRef = 37E0D75F1CF11870004ABFAF /* Well done.wav */; };
		37E0D7631CF22E9F004ABFAF /* InformationViewController.swift in Sources */ = {isa = PBXBuildFile; fileRef = 37E0D7621CF22E9F004ABFAF /* InformationViewController.swift */; };
		37E0D7651CF22F5D004ABFAF /* Popsicle.swift in Sources */ = {isa = PBXBuildFile; fileRef = 37E0D7641CF22F5D004ABFAF /* Popsicle.swift */; };
		37E0D7671CF2746B004ABFAF /* DailyInformationTableViewCell.swift in Sources */ = {isa = PBXBuildFile; fileRef = 37E0D7661CF2746B004ABFAF /* DailyInformationTableViewCell.swift */; };
		37E0D7691CF274E9004ABFAF /* DailyEntryDateView.swift in Sources */ = {isa = PBXBuildFile; fileRef = 37E0D7681CF274E9004ABFAF /* DailyEntryDateView.swift */; };
		37E0D76B1CF52814004ABFAF /* InformationEntryInfoCollectionViewCell.swift in Sources */ = {isa = PBXBuildFile; fileRef = 37E0D76A1CF52814004ABFAF /* InformationEntryInfoCollectionViewCell.swift */; };
		37E0D7781CF89538004ABFAF /* UIColor+ColorWithHex.m in Sources */ = {isa = PBXBuildFile; fileRef = 37E0D7771CF89538004ABFAF /* UIColor+ColorWithHex.m */; };
		37E0D77A1CF94DAB004ABFAF /* CoreMotion.framework in Frameworks */ = {isa = PBXBuildFile; fileRef = 37E0D7791CF94DAB004ABFAF /* CoreMotion.framework */; };
		37E0D77C1CF955C5004ABFAF /* HealthKit.framework in Frameworks */ = {isa = PBXBuildFile; fileRef = 37E0D77B1CF955C5004ABFAF /* HealthKit.framework */; };
		37EA8E5E1CEB6F5C00E2B332 /* Bariol_Regular.otf in Resources */ = {isa = PBXBuildFile; fileRef = 378566731CEAA27E003418C2 /* Bariol_Regular.otf */; };
		37EA8E621CEB738300E2B332 /* StandardFonts.swift in Sources */ = {isa = PBXBuildFile; fileRef = 37EA8E611CEB738300E2B332 /* StandardFonts.swift */; };
		37FD2DF11D87723000D8C239 /* GSFluidLayoutProtocol.swift in Sources */ = {isa = PBXBuildFile; fileRef = 37FD2DF01D87723000D8C239 /* GSFluidLayoutProtocol.swift */; };
		37FD2DF31D87767B00D8C239 /* GSFluidView.swift in Sources */ = {isa = PBXBuildFile; fileRef = 37FD2DF21D87767B00D8C239 /* GSFluidView.swift */; };
/* End PBXBuildFile section */

/* Begin PBXContainerItemProxy section */
		37E0D7001CEF66A7004ABFAF /* PBXContainerItemProxy */ = {
			isa = PBXContainerItemProxy;
			containerPortal = 375F4FD31CEA91A6009C14AE /* Project object */;
			proxyType = 1;
			remoteGlobalIDString = 375F4FDA1CEA91A6009C14AE;
			remoteInfo = H2O;
		};
/* End PBXContainerItemProxy section */

/* Begin PBXCopyFilesBuildPhase section */
		37C9683F1D5414DE000DE5C0 /* Embed Frameworks */ = {
			isa = PBXCopyFilesBuildPhase;
			buildActionMask = 2147483647;
			dstPath = "";
			dstSubfolderSpec = 10;
			files = (
				37C9683E1D5414DE000DE5C0 /* CRToast.framework in Embed Frameworks */,
			);
			name = "Embed Frameworks";
			runOnlyForDeploymentPostprocessing = 0;
		};
/* End PBXCopyFilesBuildPhase section */

/* Begin PBXFileReference section */
		3708613F1D17151F00C89394 /* Water.wav */ = {isa = PBXFileReference; lastKnownFileType = audio.wav; path = Water.wav; sourceTree = "<group>"; };
		372B3E2F1D895AF900730E4F /* Base */ = {isa = PBXFileReference; lastKnownFileType = file.storyboard; name = Base; path = Base.lproj/Interface.storyboard; sourceTree = "<group>"; };
		372B3E311D895AF900730E4F /* Assets.xcassets */ = {isa = PBXFileReference; lastKnownFileType = folder.assetcatalog; path = Assets.xcassets; sourceTree = "<group>"; };
		372B3E331D895AF900730E4F /* Info.plist */ = {isa = PBXFileReference; lastKnownFileType = text.plist.xml; path = Info.plist; sourceTree = "<group>"; };
		372B3E3D1D895AF900730E4F /* MainInterfaceController.swift */ = {isa = PBXFileReference; lastKnownFileType = sourcecode.swift; path = MainInterfaceController.swift; sourceTree = "<group>"; };
		372B3E3F1D895AF900730E4F /* ExtensionDelegate.swift */ = {isa = PBXFileReference; lastKnownFileType = sourcecode.swift; path = ExtensionDelegate.swift; sourceTree = "<group>"; };
		372B3E411D895AF900730E4F /* Assets.xcassets */ = {isa = PBXFileReference; lastKnownFileType = folder.assetcatalog; path = Assets.xcassets; sourceTree = "<group>"; };
		372B3E431D895AF900730E4F /* Info.plist */ = {isa = PBXFileReference; lastKnownFileType = text.plist.xml; path = Info.plist; sourceTree = "<group>"; };
		3741F5A01D8B513E00F7598E /* Splash.mp3 */ = {isa = PBXFileReference; lastKnownFileType = audio.mp3; path = Splash.mp3; sourceTree = "<group>"; };
		3741F5A21D8B703400F7598E /* EntryButtonNode.swift */ = {isa = PBXFileReference; fileEncoding = 4; lastKnownFileType = sourcecode.swift; path = EntryButtonNode.swift; sourceTree = "<group>"; };
		3741F5A71D8DCB5A00F7598E /* CustomPickerInterfaceController.swift */ = {isa = PBXFileReference; fileEncoding = 4; lastKnownFileType = sourcecode.swift; name = CustomPickerInterfaceController.swift; path = "H2O-Watch Extension/CustomPickerInterfaceController.swift"; sourceTree = SOURCE_ROOT; };
		3741F5A91D8ED61D00F7598E /* AppUserDefaults.swift */ = {isa = PBXFileReference; fileEncoding = 4; lastKnownFileType = sourcecode.swift; path = AppUserDefaults.swift; sourceTree = "<group>"; };
		3741F5AF1D8F009200F7598E /* StoryBoardExtension.swift */ = {isa = PBXFileReference; fileEncoding = 4; lastKnownFileType = sourcecode.swift; name = StoryBoardExtension.swift; path = ../StoryBoardExtension.swift; sourceTree = "<group>"; };
		3741F5B11D8F119200F7598E /* Localizable.strings */ = {isa = PBXFileReference; fileEncoding = 4; lastKnownFileType = text.plist.strings; path = Localizable.strings; sourceTree = "<group>"; };
		375831261DB2D48200ED136E /* InformationViewControllerState.swift */ = {isa = PBXFileReference; fileEncoding = 4; lastKnownFileType = sourcecode.swift; path = InformationViewControllerState.swift; sourceTree = "<group>"; };
		375F4FDB1CEA91A6009C14AE /* H2O.app */ = {isa = PBXFileReference; explicitFileType = wrapper.application; includeInIndex = 0; path = H2O.app; sourceTree = BUILT_PRODUCTS_DIR; };
		375F4FE01CEA91A6009C14AE /* MainViewController.swift */ = {isa = PBXFileReference; lastKnownFileType = sourcecode.swift; path = MainViewController.swift; sourceTree = "<group>"; };
		375F4FE61CEA91A6009C14AE /* H2O.xcdatamodel */ = {isa = PBXFileReference; lastKnownFileType = wrapper.xcdatamodel; path = H2O.xcdatamodel; sourceTree = "<group>"; };
		375F4FE81CEA91A6009C14AE /* Assets.xcassets */ = {isa = PBXFileReference; lastKnownFileType = folder.assetcatalog; path = Assets.xcassets; sourceTree = "<group>"; };
		375F4FEB1CEA91A6009C14AE /* Base */ = {isa = PBXFileReference; lastKnownFileType = file.storyboard; name = Base; path = Base.lproj/LaunchScreen.storyboard; sourceTree = "<group>"; };
		375F4FED1CEA91A6009C14AE /* Info.plist */ = {isa = PBXFileReference; lastKnownFileType = text.plist.xml; path = Info.plist; sourceTree = "<group>"; };
		3763BDAE1D313D8700FDEBD6 /* HealthManager.swift */ = {isa = PBXFileReference; fileEncoding = 4; lastKnownFileType = sourcecode.swift; path = HealthManager.swift; sourceTree = "<group>"; };
		3780931E1D7BD531007CF646 /* Global.swift */ = {isa = PBXFileReference; fileEncoding = 4; lastKnownFileType = sourcecode.swift; path = Global.swift; sourceTree = "<group>"; };
		378093201D7D1916007CF646 /* GSAnimatingProgressLayer.swift */ = {isa = PBXFileReference; fileEncoding = 4; lastKnownFileType = sourcecode.swift; path = GSAnimatingProgressLayer.swift; sourceTree = "<group>"; };
		378093231D7D254B007CF646 /* H2OFluidView.swift */ = {isa = PBXFileReference; fileEncoding = 4; lastKnownFileType = sourcecode.swift; path = H2OFluidView.swift; sourceTree = "<group>"; };
		378109091D981E67006EA496 /* H2O 1.04.xcdatamodel */ = {isa = PBXFileReference; lastKnownFileType = wrapper.xcdatamodel; path = "H2O 1.04.xcdatamodel"; sourceTree = "<group>"; };
		3784BD031D86369C00DB581D /* QuickAdd.mp3 */ = {isa = PBXFileReference; lastKnownFileType = audio.mp3; path = QuickAdd.mp3; sourceTree = "<group>"; };
		3785665C1CEA941A003418C2 /* StandardColors.swift */ = {isa = PBXFileReference; fileEncoding = 4; lastKnownFileType = sourcecode.swift; path = StandardColors.swift; sourceTree = "<group>"; };
		3785665E1CEA9645003418C2 /* User+CoreDataProperties.swift */ = {isa = PBXFileReference; fileEncoding = 4; lastKnownFileType = sourcecode.swift; path = "User+CoreDataProperties.swift"; sourceTree = "<group>"; };
		3785665F1CEA9645003418C2 /* User.swift */ = {isa = PBXFileReference; fileEncoding = 4; lastKnownFileType = sourcecode.swift; path = User.swift; sourceTree = "<group>"; };
		378566621CEA9645003418C2 /* Entry+CoreDataProperties.swift */ = {isa = PBXFileReference; fileEncoding = 4; lastKnownFileType = sourcecode.swift; path = "Entry+CoreDataProperties.swift"; sourceTree = "<group>"; };
		378566631CEA9645003418C2 /* Entry.swift */ = {isa = PBXFileReference; fileEncoding = 4; lastKnownFileType = sourcecode.swift; path = Entry.swift; sourceTree = "<group>"; };
		3785666B1CEAA161003418C2 /* EntryButton.swift */ = {isa = PBXFileReference; fileEncoding = 4; lastKnownFileType = sourcecode.swift; path = EntryButton.swift; sourceTree = "<group>"; };
		3785666D1CEAA16C003418C2 /* CustomEntryButton.swift */ = {isa = PBXFileReference; fileEncoding = 4; lastKnownFileType = sourcecode.swift; path = CustomEntryButton.swift; sourceTree = "<group>"; };
		3785666F1CEAA190003418C2 /* DailyEntryDial.swift */ = {isa = PBXFileReference; fileEncoding = 4; lastKnownFileType = sourcecode.swift; path = DailyEntryDial.swift; sourceTree = "<group>"; };
		378566711CEAA27E003418C2 /* Bariol_Bold.otf */ = {isa = PBXFileReference; lastKnownFileType = file; path = Bariol_Bold.otf; sourceTree = "<group>"; };
		378566721CEAA27E003418C2 /* Bariol_Light.otf */ = {isa = PBXFileReference; lastKnownFileType = file; path = Bariol_Light.otf; sourceTree = "<group>"; };
		378566731CEAA27E003418C2 /* Bariol_Regular.otf */ = {isa = PBXFileReference; lastKnownFileType = file; path = Bariol_Regular.otf; sourceTree = "<group>"; };
		378566741CEAA27E003418C2 /* Bariol_Thin.otf */ = {isa = PBXFileReference; lastKnownFileType = file; path = Bariol_Thin.otf; sourceTree = "<group>"; };
		3785667A1CEAA29C003418C2 /* CoreText.framework */ = {isa = PBXFileReference; lastKnownFileType = wrapper.framework; name = CoreText.framework; path = System/Library/Frameworks/CoreText.framework; sourceTree = SDKROOT; };
		3785667D1CEAA2C0003418C2 /* H2O-Bridging-Header.h */ = {isa = PBXFileReference; lastKnownFileType = sourcecode.c.h; path = "H2O-Bridging-Header.h"; sourceTree = "<group>"; };
		37A1825F1CEB942E0055DA02 /* AudioToolbox.swift */ = {isa = PBXFileReference; fileEncoding = 4; lastKnownFileType = sourcecode.swift; path = AudioToolbox.swift; sourceTree = "<group>"; };
		37A182611CEB94A80055DA02 /* Pop_A.wav */ = {isa = PBXFileReference; lastKnownFileType = audio.wav; path = Pop_A.wav; sourceTree = "<group>"; };
		37A182651CEBC2190055DA02 /* SettingsViewController.swift */ = {isa = PBXFileReference; fileEncoding = 4; lastKnownFileType = sourcecode.swift; path = SettingsViewController.swift; sourceTree = "<group>"; };
		37A182671CEBC8170055DA02 /* SettingsTableViewCell.swift */ = {isa = PBXFileReference; fileEncoding = 4; lastKnownFileType = sourcecode.swift; path = SettingsTableViewCell.swift; sourceTree = "<group>"; };
		37A182691CEBF4E30055DA02 /* PresetValueChangerView.swift */ = {isa = PBXFileReference; fileEncoding = 4; lastKnownFileType = sourcecode.swift; path = PresetValueChangerView.swift; sourceTree = "<group>"; };
		37ADB1551CFBA33A00BE3711 /* GSFluidLayout.swift */ = {isa = PBXFileReference; fileEncoding = 4; lastKnownFileType = sourcecode.swift; path = GSFluidLayout.swift; sourceTree = "<group>"; };
		37ADB1571CFCCFEC00BE3711 /* NightModeProtocol.swift */ = {isa = PBXFileReference; fileEncoding = 4; lastKnownFileType = sourcecode.swift; path = NightModeProtocol.swift; sourceTree = "<group>"; };
		37ADB1591CFFB27900BE3711 /* WeekBarGraphView.swift */ = {isa = PBXFileReference; fileEncoding = 4; lastKnownFileType = sourcecode.swift; path = WeekBarGraphView.swift; sourceTree = "<group>"; };
		37B165351D96CBA000702A94 /* H2O 1.03.xcdatamodel */ = {isa = PBXFileReference; lastKnownFileType = wrapper.xcdatamodel; path = "H2O 1.03.xcdatamodel"; sourceTree = "<group>"; };
		37B5A4741D895D5D009857CF /* GSFluidNode.swift */ = {isa = PBXFileReference; fileEncoding = 4; lastKnownFileType = sourcecode.swift; name = GSFluidNode.swift; path = "H2O-Watch Extension/GSFluidNode.swift"; sourceTree = SOURCE_ROOT; };
		37B5A47A1D898191009857CF /* H2OMainScene.swift */ = {isa = PBXFileReference; fileEncoding = 4; lastKnownFileType = sourcecode.swift; path = H2OMainScene.swift; sourceTree = SOURCE_ROOT; };
		37B5A4801D898274009857CF /* SpriteKit.framework */ = {isa = PBXFileReference; lastKnownFileType = wrapper.framework; name = SpriteKit.framework; path = Platforms/WatchOS.platform/Developer/SDKs/WatchOS3.0.sdk/System/Library/Frameworks/SpriteKit.framework; sourceTree = DEVELOPER_DIR; };
		37C81B1C1D902BCF00B6DA9F /* H2O 1.01.xcdatamodel */ = {isa = PBXFileReference; lastKnownFileType = wrapper.xcdatamodel; path = "H2O 1.01.xcdatamodel"; sourceTree = "<group>"; };
		37C81B221D902FBA00B6DA9F /* WatchConnection.swift */ = {isa = PBXFileReference; fileEncoding = 4; lastKnownFileType = sourcecode.swift; path = WatchConnection.swift; sourceTree = "<group>"; };
		37C81B2A1D9189C100B6DA9F /* AppDelegate.swift */ = {isa = PBXFileReference; fileEncoding = 4; lastKnownFileType = sourcecode.swift; path = AppDelegate.swift; sourceTree = "<group>"; };
		37C81B361D918C3B00B6DA9F /* Base */ = {isa = PBXFileReference; lastKnownFileType = file.storyboard; name = Base; path = Base.lproj/Main.storyboard; sourceTree = "<group>"; };
		37C81B381D918C4600B6DA9F /* en */ = {isa = PBXFileReference; lastKnownFileType = text.plist.strings; name = en; path = en.lproj/Main.strings; sourceTree = "<group>"; };
		37C81B3A1D91C81700B6DA9F /* WatchSyncEngine.swift */ = {isa = PBXFileReference; fileEncoding = 4; lastKnownFileType = sourcecode.swift; lineEnding = 0; path = WatchSyncEngine.swift; sourceTree = "<group>"; };
		37C81B481D91DE9100B6DA9F /* H2O 1.02.xcdatamodel */ = {isa = PBXFileReference; lastKnownFileType = wrapper.xcdatamodel; path = "H2O 1.02.xcdatamodel"; sourceTree = "<group>"; };
		37E0D6EA1CECF3B3004ABFAF /* CustomEntryView.swift */ = {isa = PBXFileReference; fileEncoding = 4; lastKnownFileType = sourcecode.swift; path = CustomEntryView.swift; sourceTree = "<group>"; };
		37E0D6EE1CED2D95004ABFAF /* Constants.swift */ = {isa = PBXFileReference; fileEncoding = 4; lastKnownFileType = sourcecode.swift; path = Constants.swift; sourceTree = "<group>"; };
		37E0D6F01CEE2649004ABFAF /* Alert Error.wav */ = {isa = PBXFileReference; lastKnownFileType = audio.wav; path = "Alert Error.wav"; sourceTree = "<group>"; };
		37E0D6F21CEE26E9004ABFAF /* b4.wav */ = {isa = PBXFileReference; lastKnownFileType = audio.wav; path = b4.wav; sourceTree = "<group>"; };
		37E0D6FB1CEF66A7004ABFAF /* H2OTests.xctest */ = {isa = PBXFileReference; explicitFileType = wrapper.cfbundle; includeInIndex = 0; path = H2OTests.xctest; sourceTree = BUILT_PRODUCTS_DIR; };
		37E0D6FD1CEF66A7004ABFAF /* H2OTests.swift */ = {isa = PBXFileReference; lastKnownFileType = sourcecode.swift; path = H2OTests.swift; sourceTree = "<group>"; };
		37E0D6FF1CEF66A7004ABFAF /* Info.plist */ = {isa = PBXFileReference; lastKnownFileType = text.plist.xml; path = Info.plist; sourceTree = "<group>"; };
		37E0D71B1CEFE9AD004ABFAF /* DateExtension.swift */ = {isa = PBXFileReference; fileEncoding = 4; lastKnownFileType = sourcecode.swift; name = DateExtension.swift; path = H2OTests/DateExtension.swift; sourceTree = SOURCE_ROOT; };
		37E0D71F1CF01F22004ABFAF /* SettingsPresetTableViewCell.swift */ = {isa = PBXFileReference; fileEncoding = 4; lastKnownFileType = sourcecode.swift; path = SettingsPresetTableViewCell.swift; sourceTree = "<group>"; };
		37E0D7211CF0C164004ABFAF /* CRToast.framework */ = {isa = PBXFileReference; lastKnownFileType = wrapper.framework; name = CRToast.framework; path = Carthage/Build/iOS/CRToast.framework; sourceTree = SOURCE_ROOT; };
		37E0D7261CF0C181004ABFAF /* ToastNotificationManager.h */ = {isa = PBXFileReference; fileEncoding = 4; lastKnownFileType = sourcecode.c.h; path = ToastNotificationManager.h; sourceTree = "<group>"; };
		37E0D7271CF0C181004ABFAF /* ToastNotificationManager.m */ = {isa = PBXFileReference; fileEncoding = 4; lastKnownFileType = sourcecode.c.objc; path = ToastNotificationManager.m; sourceTree = "<group>"; };
		37E0D72B1CF0F033004ABFAF /* ViewControllerExtension.swift */ = {isa = PBXFileReference; fileEncoding = 4; lastKnownFileType = sourcecode.swift; path = ViewControllerExtension.swift; sourceTree = "<group>"; };
		37E0D72D1CF0FDF0004ABFAF /* Click.wav */ = {isa = PBXFileReference; lastKnownFileType = audio.wav; path = Click.wav; sourceTree = "<group>"; };
		37E0D7561CF11561004ABFAF /* L360ConfettiArea.h */ = {isa = PBXFileReference; fileEncoding = 4; lastKnownFileType = sourcecode.c.h; path = L360ConfettiArea.h; sourceTree = "<group>"; };
		37E0D7571CF11561004ABFAF /* L360ConfettiArea.m */ = {isa = PBXFileReference; fileEncoding = 4; lastKnownFileType = sourcecode.c.objc; path = L360ConfettiArea.m; sourceTree = "<group>"; };
		37E0D7581CF11561004ABFAF /* L360ConfettiObject.h */ = {isa = PBXFileReference; fileEncoding = 4; lastKnownFileType = sourcecode.c.h; path = L360ConfettiObject.h; sourceTree = "<group>"; };
		37E0D7591CF11561004ABFAF /* L360ConfettiObject.m */ = {isa = PBXFileReference; fileEncoding = 4; lastKnownFileType = sourcecode.c.objc; path = L360ConfettiObject.m; sourceTree = "<group>"; };
		37E0D75A1CF11561004ABFAF /* L360ConfettiView.h */ = {isa = PBXFileReference; fileEncoding = 4; lastKnownFileType = sourcecode.c.h; path = L360ConfettiView.h; sourceTree = "<group>"; };
		37E0D75B1CF11561004ABFAF /* L360ConfettiView.m */ = {isa = PBXFileReference; fileEncoding = 4; lastKnownFileType = sourcecode.c.objc; path = L360ConfettiView.m; sourceTree = "<group>"; };
		37E0D75F1CF11870004ABFAF /* Well done.wav */ = {isa = PBXFileReference; lastKnownFileType = audio.wav; path = "Well done.wav"; sourceTree = "<group>"; };
		37E0D7621CF22E9F004ABFAF /* InformationViewController.swift */ = {isa = PBXFileReference; fileEncoding = 4; lastKnownFileType = sourcecode.swift; path = InformationViewController.swift; sourceTree = "<group>"; };
		37E0D7641CF22F5D004ABFAF /* Popsicle.swift */ = {isa = PBXFileReference; fileEncoding = 4; lastKnownFileType = sourcecode.swift; path = Popsicle.swift; sourceTree = "<group>"; };
		37E0D7661CF2746B004ABFAF /* DailyInformationTableViewCell.swift */ = {isa = PBXFileReference; fileEncoding = 4; lastKnownFileType = sourcecode.swift; path = DailyInformationTableViewCell.swift; sourceTree = "<group>"; };
		37E0D7681CF274E9004ABFAF /* DailyEntryDateView.swift */ = {isa = PBXFileReference; fileEncoding = 4; lastKnownFileType = sourcecode.swift; path = DailyEntryDateView.swift; sourceTree = "<group>"; };
		37E0D76A1CF52814004ABFAF /* InformationEntryInfoCollectionViewCell.swift */ = {isa = PBXFileReference; fileEncoding = 4; lastKnownFileType = sourcecode.swift; path = InformationEntryInfoCollectionViewCell.swift; sourceTree = "<group>"; };
		37E0D7761CF89538004ABFAF /* UIColor+ColorWithHex.h */ = {isa = PBXFileReference; fileEncoding = 4; lastKnownFileType = sourcecode.c.h; path = "UIColor+ColorWithHex.h"; sourceTree = "<group>"; };
		37E0D7771CF89538004ABFAF /* UIColor+ColorWithHex.m */ = {isa = PBXFileReference; fileEncoding = 4; lastKnownFileType = sourcecode.c.objc; path = "UIColor+ColorWithHex.m"; sourceTree = "<group>"; };
		37E0D7791CF94DAB004ABFAF /* CoreMotion.framework */ = {isa = PBXFileReference; lastKnownFileType = wrapper.framework; name = CoreMotion.framework; path = System/Library/Frameworks/CoreMotion.framework; sourceTree = SDKROOT; };
		37E0D77B1CF955C5004ABFAF /* HealthKit.framework */ = {isa = PBXFileReference; lastKnownFileType = wrapper.framework; name = HealthKit.framework; path = System/Library/Frameworks/HealthKit.framework; sourceTree = SDKROOT; };
		37E0D77D1CF955C5004ABFAF /* H2O.entitlements */ = {isa = PBXFileReference; lastKnownFileType = text.xml; path = H2O.entitlements; sourceTree = "<group>"; };
		37EA8E611CEB738300E2B332 /* StandardFonts.swift */ = {isa = PBXFileReference; fileEncoding = 4; lastKnownFileType = sourcecode.swift; path = StandardFonts.swift; sourceTree = "<group>"; };
		37FD2DF01D87723000D8C239 /* GSFluidLayoutProtocol.swift */ = {isa = PBXFileReference; fileEncoding = 4; lastKnownFileType = sourcecode.swift; path = GSFluidLayoutProtocol.swift; sourceTree = "<group>"; };
		37FD2DF21D87767B00D8C239 /* GSFluidView.swift */ = {isa = PBXFileReference; fileEncoding = 4; lastKnownFileType = sourcecode.swift; path = GSFluidView.swift; sourceTree = "<group>"; };
/* End PBXFileReference section */

/* Begin PBXFrameworksBuildPhase section */
		375F4FD81CEA91A6009C14AE /* Frameworks */ = {
			isa = PBXFrameworksBuildPhase;
			buildActionMask = 2147483647;
			files = (
				37E0D77A1CF94DAB004ABFAF /* CoreMotion.framework in Frameworks */,
				37C9683D1D5414DE000DE5C0 /* CRToast.framework in Frameworks */,
				37E0D77C1CF955C5004ABFAF /* HealthKit.framework in Frameworks */,
				3785667B1CEAA29C003418C2 /* CoreText.framework in Frameworks */,
			);
			runOnlyForDeploymentPostprocessing = 0;
		};
		37E0D6F81CEF66A7004ABFAF /* Frameworks */ = {
			isa = PBXFrameworksBuildPhase;
			buildActionMask = 2147483647;
			files = (
			);
			runOnlyForDeploymentPostprocessing = 0;
		};
/* End PBXFrameworksBuildPhase section */

/* Begin PBXGroup section */
		372B3E2D1D895AF900730E4F /* H2O-Watch */ = {
			isa = PBXGroup;
			children = (
				372B3E2E1D895AF900730E4F /* Interface.storyboard */,
				372B3E311D895AF900730E4F /* Assets.xcassets */,
				372B3E331D895AF900730E4F /* Info.plist */,
			);
			path = "H2O-Watch";
			sourceTree = "<group>";
		};
		372B3E3C1D895AF900730E4F /* H2O-Watch Extension */ = {
			isa = PBXGroup;
			children = (
				372B3E3F1D895AF900730E4F /* ExtensionDelegate.swift */,
				372B3E3D1D895AF900730E4F /* MainInterfaceController.swift */,
				37B5A47A1D898191009857CF /* H2OMainScene.swift */,
				3741F5A21D8B703400F7598E /* EntryButtonNode.swift */,
				3741F5A71D8DCB5A00F7598E /* CustomPickerInterfaceController.swift */,
				372B3E411D895AF900730E4F /* Assets.xcassets */,
				372B3E431D895AF900730E4F /* Info.plist */,
			);
			path = "H2O-Watch Extension";
			sourceTree = "<group>";
		};
		372B3E511D895BFE00730E4F /* Frameworks */ = {
			isa = PBXGroup;
			children = (
				3785667A1CEAA29C003418C2 /* CoreText.framework */,
				37E0D7791CF94DAB004ABFAF /* CoreMotion.framework */,
				37E0D7211CF0C164004ABFAF /* CRToast.framework */,
				37E0D77B1CF955C5004ABFAF /* HealthKit.framework */,
				37B5A4801D898274009857CF /* SpriteKit.framework */,
			);
			name = Frameworks;
			sourceTree = "<group>";
		};
		375F4FD21CEA91A6009C14AE = {
			isa = PBXGroup;
			children = (
				375F4FDD1CEA91A6009C14AE /* H2O */,
				37E0D6FC1CEF66A7004ABFAF /* H2OTests */,
				372B3E2D1D895AF900730E4F /* H2O-Watch */,
				372B3E3C1D895AF900730E4F /* H2O-Watch Extension */,
				375F4FDC1CEA91A6009C14AE /* Products */,
				372B3E511D895BFE00730E4F /* Frameworks */,
			);
			sourceTree = "<group>";
		};
		375F4FDC1CEA91A6009C14AE /* Products */ = {
			isa = PBXGroup;
			children = (
				375F4FDB1CEA91A6009C14AE /* H2O.app */,
				37E0D6FB1CEF66A7004ABFAF /* H2OTests.xctest */,
			);
			name = Products;
			sourceTree = "<group>";
		};
		375F4FDD1CEA91A6009C14AE /* H2O */ = {
			isa = PBXGroup;
			children = (
				37C81B2A1D9189C100B6DA9F /* AppDelegate.swift */,
				37C81B221D902FBA00B6DA9F /* WatchConnection.swift */,
				37C81B3A1D91C81700B6DA9F /* WatchSyncEngine.swift */,
				3741F5B11D8F119200F7598E /* Localizable.strings */,
				3763BDAA1D313CBD00FDEBD6 /* Defaults */,
				3785666A1CEA9660003418C2 /* Core Data */,
				3785665B1CEA93C5003418C2 /* Main View */,
				3763BDAB1D313D0200FDEBD6 /* Information View */,
				37E0D6F41CEE2803004ABFAF /* Settings View */,
				3785665A1CEA93BC003418C2 /* Supporting */,
				3785667C1CEAA2A4003418C2 /* Other */,
			);
			path = H2O;
			sourceTree = "<group>";
		};
		3763BDA91D313BB200FDEBD6 /* Night Mode Support */ = {
			isa = PBXGroup;
			children = (
				37E0D72B1CF0F033004ABFAF /* ViewControllerExtension.swift */,
				37ADB1571CFCCFEC00BE3711 /* NightModeProtocol.swift */,
			);
			name = "Night Mode Support";
			sourceTree = "<group>";
		};
		3763BDAA1D313CBD00FDEBD6 /* Defaults */ = {
			isa = PBXGroup;
			children = (
				37C81B351D918C3B00B6DA9F /* Main.storyboard */,
				3780931E1D7BD531007CF646 /* Global.swift */,
				3785665C1CEA941A003418C2 /* StandardColors.swift */,
				3741F5A91D8ED61D00F7598E /* AppUserDefaults.swift */,
				37EA8E611CEB738300E2B332 /* StandardFonts.swift */,
				37E0D6EE1CED2D95004ABFAF /* Constants.swift */,
				3741F5AF1D8F009200F7598E /* StoryBoardExtension.swift */,
			);
			name = Defaults;
			sourceTree = "<group>";
		};
		3763BDAB1D313D0200FDEBD6 /* Information View */ = {
			isa = PBXGroup;
			children = (
				37E0D7621CF22E9F004ABFAF /* InformationViewController.swift */,
				375831261DB2D48200ED136E /* InformationViewControllerState.swift */,
				37E0D7661CF2746B004ABFAF /* DailyInformationTableViewCell.swift */,
				37E0D7681CF274E9004ABFAF /* DailyEntryDateView.swift */,
				37E0D76A1CF52814004ABFAF /* InformationEntryInfoCollectionViewCell.swift */,
				37ADB1591CFFB27900BE3711 /* WeekBarGraphView.swift */,
			);
			name = "Information View";
			sourceTree = "<group>";
		};
		3785665A1CEA93BC003418C2 /* Supporting */ = {
			isa = PBXGroup;
			children = (
				37E0D7641CF22F5D004ABFAF /* Popsicle.swift */,
				37A1825F1CEB942E0055DA02 /* AudioToolbox.swift */,
				37E0D71B1CEFE9AD004ABFAF /* DateExtension.swift */,
				3763BDAE1D313D8700FDEBD6 /* HealthManager.swift */,
				3763BDA91D313BB200FDEBD6 /* Night Mode Support */,
				37E0D7611CF210D2004ABFAF /* Sounds */,
				378566791CEAA281003418C2 /* Fonts */,
				3785667D1CEAA2C0003418C2 /* H2O-Bridging-Header.h */,
				37E0D7261CF0C181004ABFAF /* ToastNotificationManager.h */,
				37E0D7271CF0C181004ABFAF /* ToastNotificationManager.m */,
				375F4FE81CEA91A6009C14AE /* Assets.xcassets */,
				37E0D77D1CF955C5004ABFAF /* H2O.entitlements */,
				375F4FEA1CEA91A6009C14AE /* LaunchScreen.storyboard */,
				375F4FED1CEA91A6009C14AE /* Info.plist */,
			);
			name = Supporting;
			sourceTree = "<group>";
		};
		3785665B1CEA93C5003418C2 /* Main View */ = {
			isa = PBXGroup;
			children = (
				375F4FE01CEA91A6009C14AE /* MainViewController.swift */,
				3785666F1CEAA190003418C2 /* DailyEntryDial.swift */,
				37FD2DF01D87723000D8C239 /* GSFluidLayoutProtocol.swift */,
				37ADB1551CFBA33A00BE3711 /* GSFluidLayout.swift */,
				37B5A4741D895D5D009857CF /* GSFluidNode.swift */,
				37FD2DF21D87767B00D8C239 /* GSFluidView.swift */,
				378093231D7D254B007CF646 /* H2OFluidView.swift */,
				378093201D7D1916007CF646 /* GSAnimatingProgressLayer.swift */,
				37E0D6EA1CECF3B3004ABFAF /* CustomEntryView.swift */,
				37E0D6F51CEE280E004ABFAF /* Entry Buttons */,
			);
			name = "Main View";
			sourceTree = "<group>";
		};
		3785666A1CEA9660003418C2 /* Core Data */ = {
			isa = PBXGroup;
			children = (
				375F4FE51CEA91A6009C14AE /* H2O.xcdatamodeld */,
				3785665E1CEA9645003418C2 /* User+CoreDataProperties.swift */,
				3785665F1CEA9645003418C2 /* User.swift */,
				378566621CEA9645003418C2 /* Entry+CoreDataProperties.swift */,
				378566631CEA9645003418C2 /* Entry.swift */,
			);
			name = "Core Data";
			sourceTree = "<group>";
		};
		378566791CEAA281003418C2 /* Fonts */ = {
			isa = PBXGroup;
			children = (
				378566711CEAA27E003418C2 /* Bariol_Bold.otf */,
				378566721CEAA27E003418C2 /* Bariol_Light.otf */,
				378566731CEAA27E003418C2 /* Bariol_Regular.otf */,
				378566741CEAA27E003418C2 /* Bariol_Thin.otf */,
			);
			name = Fonts;
			sourceTree = "<group>";
		};
		3785667C1CEAA2A4003418C2 /* Other */ = {
			isa = PBXGroup;
			children = (
				37E0D7761CF89538004ABFAF /* UIColor+ColorWithHex.h */,
				37E0D7771CF89538004ABFAF /* UIColor+ColorWithHex.m */,
				37E0D7551CF11561004ABFAF /* L360Confetti */,
			);
			name = Other;
			sourceTree = "<group>";
		};
		37E0D6F41CEE2803004ABFAF /* Settings View */ = {
			isa = PBXGroup;
			children = (
				37A182651CEBC2190055DA02 /* SettingsViewController.swift */,
				37A182671CEBC8170055DA02 /* SettingsTableViewCell.swift */,
				37E0D71F1CF01F22004ABFAF /* SettingsPresetTableViewCell.swift */,
				37A182691CEBF4E30055DA02 /* PresetValueChangerView.swift */,
			);
			name = "Settings View";
			sourceTree = "<group>";
		};
		37E0D6F51CEE280E004ABFAF /* Entry Buttons */ = {
			isa = PBXGroup;
			children = (
				3785666B1CEAA161003418C2 /* EntryButton.swift */,
				3785666D1CEAA16C003418C2 /* CustomEntryButton.swift */,
			);
			name = "Entry Buttons";
			sourceTree = "<group>";
		};
		37E0D6FC1CEF66A7004ABFAF /* H2OTests */ = {
			isa = PBXGroup;
			children = (
				37E0D6FD1CEF66A7004ABFAF /* H2OTests.swift */,
				37E0D6FF1CEF66A7004ABFAF /* Info.plist */,
			);
			path = H2OTests;
			sourceTree = "<group>";
		};
		37E0D7551CF11561004ABFAF /* L360Confetti */ = {
			isa = PBXGroup;
			children = (
				37E0D7561CF11561004ABFAF /* L360ConfettiArea.h */,
				37E0D7571CF11561004ABFAF /* L360ConfettiArea.m */,
				37E0D7581CF11561004ABFAF /* L360ConfettiObject.h */,
				37E0D7591CF11561004ABFAF /* L360ConfettiObject.m */,
				37E0D75A1CF11561004ABFAF /* L360ConfettiView.h */,
				37E0D75B1CF11561004ABFAF /* L360ConfettiView.m */,
			);
			path = L360Confetti;
			sourceTree = "<group>";
		};
		37E0D7611CF210D2004ABFAF /* Sounds */ = {
			isa = PBXGroup;
			children = (
				3741F5A01D8B513E00F7598E /* Splash.mp3 */,
				3784BD031D86369C00DB581D /* QuickAdd.mp3 */,
				3708613F1D17151F00C89394 /* Water.wav */,
				37E0D75F1CF11870004ABFAF /* Well done.wav */,
				37E0D6F01CEE2649004ABFAF /* Alert Error.wav */,
				37E0D72D1CF0FDF0004ABFAF /* Click.wav */,
				37A182611CEB94A80055DA02 /* Pop_A.wav */,
				37E0D6F21CEE26E9004ABFAF /* b4.wav */,
			);
			name = Sounds;
			sourceTree = "<group>";
		};
/* End PBXGroup section */

/* Begin PBXNativeTarget section */
		375F4FDA1CEA91A6009C14AE /* H2O */ = {
			isa = PBXNativeTarget;
			buildConfigurationList = 375F4FF01CEA91A6009C14AE /* Build configuration list for PBXNativeTarget "H2O" */;
			buildPhases = (
				375F4FD71CEA91A6009C14AE /* Sources */,
				375F4FD81CEA91A6009C14AE /* Frameworks */,
				375F4FD91CEA91A6009C14AE /* Resources */,
				37C9683F1D5414DE000DE5C0 /* Embed Frameworks */,
				371D5A781DA022420036C369 /* Carthage */,
			);
			buildRules = (
			);
			dependencies = (
			);
			name = H2O;
			productName = H2O;
			productReference = 375F4FDB1CEA91A6009C14AE /* H2O.app */;
			productType = "com.apple.product-type.application";
		};
		37E0D6FA1CEF66A7004ABFAF /* H2OTests */ = {
			isa = PBXNativeTarget;
			buildConfigurationList = 37E0D7021CEF66A7004ABFAF /* Build configuration list for PBXNativeTarget "H2OTests" */;
			buildPhases = (
				37E0D6F71CEF66A7004ABFAF /* Sources */,
				37E0D6F81CEF66A7004ABFAF /* Frameworks */,
				37E0D6F91CEF66A7004ABFAF /* Resources */,
			);
			buildRules = (
			);
			dependencies = (
				37E0D7011CEF66A7004ABFAF /* PBXTargetDependency */,
			);
			name = H2OTests;
			productName = H2OTests;
			productReference = 37E0D6FB1CEF66A7004ABFAF /* H2OTests.xctest */;
			productType = "com.apple.product-type.bundle.unit-test";
		};
/* End PBXNativeTarget section */

/* Begin PBXProject section */
		375F4FD31CEA91A6009C14AE /* Project object */ = {
			isa = PBXProject;
			attributes = {
				LastSwiftUpdateCheck = 0800;
				LastUpgradeCheck = 0800;
				ORGANIZATIONNAME = "The Oven";
				TargetAttributes = {
					375F4FDA1CEA91A6009C14AE = {
						CreatedOnToolsVersion = 7.3.1;
						DevelopmentTeam = G898DU57KC;
						LastSwiftMigration = 0800;
						SystemCapabilities = {
							com.apple.HealthKit = {
								enabled = 1;
							};
						};
					};
					37E0D6FA1CEF66A7004ABFAF = {
						CreatedOnToolsVersion = 7.3.1;
						LastSwiftMigration = 0800;
						TestTargetID = 375F4FDA1CEA91A6009C14AE;
					};
				};
			};
			buildConfigurationList = 375F4FD61CEA91A6009C14AE /* Build configuration list for PBXProject "H2O" */;
			compatibilityVersion = "Xcode 3.2";
			developmentRegion = English;
			hasScannedForEncodings = 0;
			knownRegions = (
				en,
				Base,
			);
			mainGroup = 375F4FD21CEA91A6009C14AE;
			productRefGroup = 375F4FDC1CEA91A6009C14AE /* Products */;
			projectDirPath = "";
			projectRoot = "";
			targets = (
				375F4FDA1CEA91A6009C14AE /* H2O */,
				37E0D6FA1CEF66A7004ABFAF /* H2OTests */,
			);
		};
/* End PBXProject section */

/* Begin PBXResourcesBuildPhase section */
		375F4FD91CEA91A6009C14AE /* Resources */ = {
			isa = PBXResourcesBuildPhase;
			buildActionMask = 2147483647;
			files = (
				375F4FEC1CEA91A6009C14AE /* LaunchScreen.storyboard in Resources */,
				378566761CEAA27E003418C2 /* Bariol_Light.otf in Resources */,
				3741F5A11D8B513E00F7598E /* Splash.mp3 in Resources */,
				375F4FE91CEA91A6009C14AE /* Assets.xcassets in Resources */,
				37EA8E5E1CEB6F5C00E2B332 /* Bariol_Regular.otf in Resources */,
				37A182621CEB94A80055DA02 /* Pop_A.wav in Resources */,
				37E0D7601CF11870004ABFAF /* Well done.wav in Resources */,
				37E0D72E1CF0FDF0004ABFAF /* Click.wav in Resources */,
				370861401D17151F00C89394 /* Water.wav in Resources */,
				3784BD041D86369D00DB581D /* QuickAdd.mp3 in Resources */,
				37E0D6F11CEE2649004ABFAF /* Alert Error.wav in Resources */,
				37C81B371D918C3B00B6DA9F /* Main.storyboard in Resources */,
				378566781CEAA27E003418C2 /* Bariol_Thin.otf in Resources */,
				3741F5B21D8F119200F7598E /* Localizable.strings in Resources */,
				378566751CEAA27E003418C2 /* Bariol_Bold.otf in Resources */,
				37E0D6F31CEE26E9004ABFAF /* b4.wav in Resources */,
			);
			runOnlyForDeploymentPostprocessing = 0;
		};
		37E0D6F91CEF66A7004ABFAF /* Resources */ = {
			isa = PBXResourcesBuildPhase;
			buildActionMask = 2147483647;
			files = (
			);
			runOnlyForDeploymentPostprocessing = 0;
		};
/* End PBXResourcesBuildPhase section */

/* Begin PBXShellScriptBuildPhase section */
		371D5A781DA022420036C369 /* Carthage */ = {
			isa = PBXShellScriptBuildPhase;
			buildActionMask = 2147483647;
			files = (
			);
			inputPaths = (
				"$(SRCROOT)/Carthage/Build/iOS/CRToast.framework",
			);
			name = Carthage;
			outputPaths = (
			);
			runOnlyForDeploymentPostprocessing = 0;
			shellPath = /bin/sh;
			shellScript = "/usr/local/bin/carthage copy-frameworks";
		};
/* End PBXShellScriptBuildPhase section */

/* Begin PBXSourcesBuildPhase section */
		375F4FD71CEA91A6009C14AE /* Sources */ = {
			isa = PBXSourcesBuildPhase;
			buildActionMask = 2147483647;
			files = (
				3785666C1CEAA161003418C2 /* EntryButton.swift in Sources */,
				3741F5B01D8F009200F7598E /* StoryBoardExtension.swift in Sources */,
				37E0D6EF1CED2D95004ABFAF /* Constants.swift in Sources */,
				37C81B2B1D9189C100B6DA9F /* AppDelegate.swift in Sources */,
				378566691CEA9645003418C2 /* Entry.swift in Sources */,
				37E0D7281CF0C181004ABFAF /* ToastNotificationManager.m in Sources */,
				3780931F1D7BD531007CF646 /* Global.swift in Sources */,
				37E0D7651CF22F5D004ABFAF /* Popsicle.swift in Sources */,
				37E0D6EB1CECF3B3004ABFAF /* CustomEntryView.swift in Sources */,
				378093241D7D254B007CF646 /* H2OFluidView.swift in Sources */,
				37E0D71D1CEFE9B1004ABFAF /* DateExtension.swift in Sources */,
				37A182681CEBC8170055DA02 /* SettingsTableViewCell.swift in Sources */,
				375F4FE11CEA91A6009C14AE /* MainViewController.swift in Sources */,
				37C81B3B1D91C81700B6DA9F /* WatchSyncEngine.swift in Sources */,
				37E0D72C1CF0F033004ABFAF /* ViewControllerExtension.swift in Sources */,
				375F4FE71CEA91A6009C14AE /* H2O.xcdatamodeld in Sources */,
				37E0D7671CF2746B004ABFAF /* DailyInformationTableViewCell.swift in Sources */,
				37E0D75D1CF11561004ABFAF /* L360ConfettiObject.m in Sources */,
				37ADB1581CFCCFEC00BE3711 /* NightModeProtocol.swift in Sources */,
				37E0D75C1CF11561004ABFAF /* L360ConfettiArea.m in Sources */,
				37E0D75E1CF11561004ABFAF /* L360ConfettiView.m in Sources */,
				37E0D7781CF89538004ABFAF /* UIColor+ColorWithHex.m in Sources */,
				37E0D7691CF274E9004ABFAF /* DailyEntryDateView.swift in Sources */,
				37ADB1561CFBA33A00BE3711 /* GSFluidLayout.swift in Sources */,
				37EA8E621CEB738300E2B332 /* StandardFonts.swift in Sources */,
				378566651CEA9645003418C2 /* User.swift in Sources */,
				37FD2DF31D87767B00D8C239 /* GSFluidView.swift in Sources */,
				3785665D1CEA941A003418C2 /* StandardColors.swift in Sources */,
				378566641CEA9645003418C2 /* User+CoreDataProperties.swift in Sources */,
				3741F5AA1D8ED61D00F7598E /* AppUserDefaults.swift in Sources */,
				37B5A4751D895D5D009857CF /* GSFluidNode.swift in Sources */,
				378566701CEAA190003418C2 /* DailyEntryDial.swift in Sources */,
				37E0D7201CF01F22004ABFAF /* SettingsPresetTableViewCell.swift in Sources */,
				378566681CEA9645003418C2 /* Entry+CoreDataProperties.swift in Sources */,
				37FD2DF11D87723000D8C239 /* GSFluidLayoutProtocol.swift in Sources */,
				37E0D76B1CF52814004ABFAF /* InformationEntryInfoCollectionViewCell.swift in Sources */,
				3763BDAF1D313D8700FDEBD6 /* HealthManager.swift in Sources */,
				37E0D7631CF22E9F004ABFAF /* InformationViewController.swift in Sources */,
				37ADB15A1CFFB27900BE3711 /* WeekBarGraphView.swift in Sources */,
				375831271DB2D48200ED136E /* InformationViewControllerState.swift in Sources */,
				378093211D7D1916007CF646 /* GSAnimatingProgressLayer.swift in Sources */,
				37A182661CEBC2190055DA02 /* SettingsViewController.swift in Sources */,
				37A1826A1CEBF4E30055DA02 /* PresetValueChangerView.swift in Sources */,
				3785666E1CEAA16C003418C2 /* CustomEntryButton.swift in Sources */,
				37A182601CEB942E0055DA02 /* AudioToolbox.swift in Sources */,
				37C81B231D902FBA00B6DA9F /* WatchConnection.swift in Sources */,
			);
			runOnlyForDeploymentPostprocessing = 0;
		};
		37E0D6F71CEF66A7004ABFAF /* Sources */ = {
			isa = PBXSourcesBuildPhase;
			buildActionMask = 2147483647;
			files = (
				37E0D6FE1CEF66A7004ABFAF /* H2OTests.swift in Sources */,
			);
			runOnlyForDeploymentPostprocessing = 0;
		};
/* End PBXSourcesBuildPhase section */

/* Begin PBXTargetDependency section */
		37E0D7011CEF66A7004ABFAF /* PBXTargetDependency */ = {
			isa = PBXTargetDependency;
			target = 375F4FDA1CEA91A6009C14AE /* H2O */;
			targetProxy = 37E0D7001CEF66A7004ABFAF /* PBXContainerItemProxy */;
		};
/* End PBXTargetDependency section */

/* Begin PBXVariantGroup section */
		372B3E2E1D895AF900730E4F /* Interface.storyboard */ = {
			isa = PBXVariantGroup;
			children = (
				372B3E2F1D895AF900730E4F /* Base */,
			);
			name = Interface.storyboard;
			sourceTree = "<group>";
		};
		375F4FEA1CEA91A6009C14AE /* LaunchScreen.storyboard */ = {
			isa = PBXVariantGroup;
			children = (
				375F4FEB1CEA91A6009C14AE /* Base */,
			);
			name = LaunchScreen.storyboard;
			sourceTree = "<group>";
		};
		37C81B351D918C3B00B6DA9F /* Main.storyboard */ = {
			isa = PBXVariantGroup;
			children = (
				37C81B361D918C3B00B6DA9F /* Base */,
				37C81B381D918C4600B6DA9F /* en */,
			);
			name = Main.storyboard;
			sourceTree = "<group>";
		};
/* End PBXVariantGroup section */

/* Begin XCBuildConfiguration section */
		375F4FEE1CEA91A6009C14AE /* Debug */ = {
			isa = XCBuildConfiguration;
			buildSettings = {
				ALWAYS_SEARCH_USER_PATHS = NO;
				CLANG_ANALYZER_NONNULL = YES;
				CLANG_CXX_LANGUAGE_STANDARD = "gnu++0x";
				CLANG_CXX_LIBRARY = "libc++";
				CLANG_ENABLE_MODULES = YES;
				CLANG_ENABLE_OBJC_ARC = YES;
				CLANG_WARN_BOOL_CONVERSION = YES;
				CLANG_WARN_CONSTANT_CONVERSION = YES;
				CLANG_WARN_DIRECT_OBJC_ISA_USAGE = YES_ERROR;
				CLANG_WARN_EMPTY_BODY = YES;
				CLANG_WARN_ENUM_CONVERSION = YES;
				CLANG_WARN_INT_CONVERSION = YES;
				CLANG_WARN_OBJC_ROOT_CLASS = YES_ERROR;
				CLANG_WARN_UNREACHABLE_CODE = YES;
				CLANG_WARN__DUPLICATE_METHOD_MATCH = YES;
				"CODE_SIGN_IDENTITY[sdk=iphoneos*]" = "iPhone Developer";
				COPY_PHASE_STRIP = NO;
				DEBUG_INFORMATION_FORMAT = dwarf;
				ENABLE_STRICT_OBJC_MSGSEND = YES;
				ENABLE_TESTABILITY = YES;
				GCC_C_LANGUAGE_STANDARD = gnu99;
				GCC_DYNAMIC_NO_PIC = NO;
				GCC_NO_COMMON_BLOCKS = YES;
				GCC_OPTIMIZATION_LEVEL = 0;
				GCC_PREPROCESSOR_DEFINITIONS = (
					"DEBUG=1",
					"$(inherited)",
				);
				GCC_WARN_64_TO_32_BIT_CONVERSION = YES;
				GCC_WARN_ABOUT_RETURN_TYPE = YES_ERROR;
				GCC_WARN_UNDECLARED_SELECTOR = YES;
				GCC_WARN_UNINITIALIZED_AUTOS = YES_AGGRESSIVE;
				GCC_WARN_UNUSED_FUNCTION = YES;
				GCC_WARN_UNUSED_VARIABLE = YES;
				IPHONEOS_DEPLOYMENT_TARGET = 10.0;
				MTL_ENABLE_DEBUG_INFO = YES;
				ONLY_ACTIVE_ARCH = YES;
				SDKROOT = iphoneos;
				SWIFT_OPTIMIZATION_LEVEL = "-Onone";
			};
			name = Debug;
		};
		375F4FEF1CEA91A6009C14AE /* Release */ = {
			isa = XCBuildConfiguration;
			buildSettings = {
				ALWAYS_SEARCH_USER_PATHS = NO;
				CLANG_ANALYZER_NONNULL = YES;
				CLANG_CXX_LANGUAGE_STANDARD = "gnu++0x";
				CLANG_CXX_LIBRARY = "libc++";
				CLANG_ENABLE_MODULES = YES;
				CLANG_ENABLE_OBJC_ARC = YES;
				CLANG_WARN_BOOL_CONVERSION = YES;
				CLANG_WARN_CONSTANT_CONVERSION = YES;
				CLANG_WARN_DIRECT_OBJC_ISA_USAGE = YES_ERROR;
				CLANG_WARN_EMPTY_BODY = YES;
				CLANG_WARN_ENUM_CONVERSION = YES;
				CLANG_WARN_INT_CONVERSION = YES;
				CLANG_WARN_OBJC_ROOT_CLASS = YES_ERROR;
				CLANG_WARN_UNREACHABLE_CODE = YES;
				CLANG_WARN__DUPLICATE_METHOD_MATCH = YES;
				"CODE_SIGN_IDENTITY[sdk=iphoneos*]" = "iPhone Developer";
				COPY_PHASE_STRIP = NO;
				DEBUG_INFORMATION_FORMAT = "dwarf-with-dsym";
				ENABLE_NS_ASSERTIONS = NO;
				ENABLE_STRICT_OBJC_MSGSEND = YES;
				GCC_C_LANGUAGE_STANDARD = gnu99;
				GCC_NO_COMMON_BLOCKS = YES;
				GCC_WARN_64_TO_32_BIT_CONVERSION = YES;
				GCC_WARN_ABOUT_RETURN_TYPE = YES_ERROR;
				GCC_WARN_UNDECLARED_SELECTOR = YES;
				GCC_WARN_UNINITIALIZED_AUTOS = YES_AGGRESSIVE;
				GCC_WARN_UNUSED_FUNCTION = YES;
				GCC_WARN_UNUSED_VARIABLE = YES;
				IPHONEOS_DEPLOYMENT_TARGET = 10.0;
				MTL_ENABLE_DEBUG_INFO = NO;
				SDKROOT = iphoneos;
				VALIDATE_PRODUCT = YES;
			};
			name = Release;
		};
		375F4FF11CEA91A6009C14AE /* Debug */ = {
			isa = XCBuildConfiguration;
			buildSettings = {
				ASSETCATALOG_COMPILER_APPICON_NAME = BetaAppIcon;
				CLANG_ENABLE_MODULES = YES;
				CODE_SIGN_ENTITLEMENTS = H2O/H2O.entitlements;
				CODE_SIGN_IDENTITY = "iPhone Developer";
				"CODE_SIGN_IDENTITY[sdk=iphoneos*]" = "iPhone Developer";
				CURRENT_PROJECT_VERSION = 5;
				DEFINES_MODULE = YES;
				FRAMEWORK_SEARCH_PATHS = (
					"$(inherited)",
					"$(PROJECT_DIR)/Carthage/Build/iOS",
					"$(PROJECT_DIR)/H2O/L360Confetti",
				);
				INFOPLIST_FILE = H2O/Info.plist;
				IPHONEOS_DEPLOYMENT_TARGET = 10.0;
				LD_RUNPATH_SEARCH_PATHS = "$(inherited) @executable_path/Frameworks";
				PRODUCT_BUNDLE_IDENTIFIER = com.theoven.H2O;
				PRODUCT_NAME = "$(TARGET_NAME)";
				PROVISIONING_PROFILE = "";
				SWIFT_OBJC_BRIDGING_HEADER = "H2O/H2O-Bridging-Header.h";
				SWIFT_OPTIMIZATION_LEVEL = "-Onone";
				SWIFT_VERSION = 3.0;
			};
			name = Debug;
		};
		375F4FF21CEA91A6009C14AE /* Release */ = {
			isa = XCBuildConfiguration;
			buildSettings = {
				ASSETCATALOG_COMPILER_APPICON_NAME = BetaAppIcon;
				CLANG_ENABLE_MODULES = YES;
				CODE_SIGN_ENTITLEMENTS = H2O/H2O.entitlements;
				CODE_SIGN_IDENTITY = "iPhone Developer";
				"CODE_SIGN_IDENTITY[sdk=iphoneos*]" = "iPhone Developer";
				CURRENT_PROJECT_VERSION = 5;
				DEFINES_MODULE = YES;
				FRAMEWORK_SEARCH_PATHS = (
					"$(inherited)",
					"$(PROJECT_DIR)/Carthage/Build/iOS",
					"$(PROJECT_DIR)/H2O/L360Confetti",
				);
				INFOPLIST_FILE = H2O/Info.plist;
				IPHONEOS_DEPLOYMENT_TARGET = 10.0;
				LD_RUNPATH_SEARCH_PATHS = "$(inherited) @executable_path/Frameworks";
				PRODUCT_BUNDLE_IDENTIFIER = com.theoven.H2O;
				PRODUCT_NAME = "$(TARGET_NAME)";
				PROVISIONING_PROFILE = "";
				SWIFT_OBJC_BRIDGING_HEADER = "H2O/H2O-Bridging-Header.h";
				SWIFT_OPTIMIZATION_LEVEL = "-Owholemodule";
				SWIFT_VERSION = 3.0;
			};
			name = Release;
		};
		37E0D7031CEF66A7004ABFAF /* Debug */ = {
			isa = XCBuildConfiguration;
			buildSettings = {
				BUNDLE_LOADER = "$(TEST_HOST)";
				INFOPLIST_FILE = H2OTests/Info.plist;
				LD_RUNPATH_SEARCH_PATHS = "$(inherited) @executable_path/Frameworks @loader_path/Frameworks";
				PRODUCT_BUNDLE_IDENTIFIER = com.theoven.H2OTests;
				PRODUCT_NAME = "$(TARGET_NAME)";
				SWIFT_VERSION = 3.0;
				TEST_HOST = "$(BUILT_PRODUCTS_DIR)/H2O.app/H2O";
			};
			name = Debug;
		};
		37E0D7041CEF66A7004ABFAF /* Release */ = {
			isa = XCBuildConfiguration;
			buildSettings = {
				BUNDLE_LOADER = "$(TEST_HOST)";
				INFOPLIST_FILE = H2OTests/Info.plist;
				LD_RUNPATH_SEARCH_PATHS = "$(inherited) @executable_path/Frameworks @loader_path/Frameworks";
				PRODUCT_BUNDLE_IDENTIFIER = com.theoven.H2OTests;
				PRODUCT_NAME = "$(TARGET_NAME)";
				SWIFT_OPTIMIZATION_LEVEL = "-Owholemodule";
				SWIFT_VERSION = 3.0;
				TEST_HOST = "$(BUILT_PRODUCTS_DIR)/H2O.app/H2O";
			};
			name = Release;
		};
/* End XCBuildConfiguration section */

/* Begin XCConfigurationList section */
		375F4FD61CEA91A6009C14AE /* Build configuration list for PBXProject "H2O" */ = {
			isa = XCConfigurationList;
			buildConfigurations = (
				375F4FEE1CEA91A6009C14AE /* Debug */,
				375F4FEF1CEA91A6009C14AE /* Release */,
			);
			defaultConfigurationIsVisible = 0;
			defaultConfigurationName = Release;
		};
		375F4FF01CEA91A6009C14AE /* Build configuration list for PBXNativeTarget "H2O" */ = {
			isa = XCConfigurationList;
			buildConfigurations = (
				375F4FF11CEA91A6009C14AE /* Debug */,
				375F4FF21CEA91A6009C14AE /* Release */,
			);
			defaultConfigurationIsVisible = 0;
			defaultConfigurationName = Release;
		};
		37E0D7021CEF66A7004ABFAF /* Build configuration list for PBXNativeTarget "H2OTests" */ = {
			isa = XCConfigurationList;
			buildConfigurations = (
				37E0D7031CEF66A7004ABFAF /* Debug */,
				37E0D7041CEF66A7004ABFAF /* Release */,
			);
			defaultConfigurationIsVisible = 0;
			defaultConfigurationName = Release;
		};
/* End XCConfigurationList section */

/* Begin XCVersionGroup section */
		375F4FE51CEA91A6009C14AE /* H2O.xcdatamodeld */ = {
			isa = XCVersionGroup;
			children = (
				378109091D981E67006EA496 /* H2O 1.04.xcdatamodel */,
				37B165351D96CBA000702A94 /* H2O 1.03.xcdatamodel */,
				37C81B481D91DE9100B6DA9F /* H2O 1.02.xcdatamodel */,
				37C81B1C1D902BCF00B6DA9F /* H2O 1.01.xcdatamodel */,
				375F4FE61CEA91A6009C14AE /* H2O.xcdatamodel */,
			);
			currentVersion = 378109091D981E67006EA496 /* H2O 1.04.xcdatamodel */;
			path = H2O.xcdatamodeld;
			sourceTree = "<group>";
			versionGroupType = wrapper.xcdatamodel;
		};
/* End XCVersionGroup section */
	};
	rootObject = 375F4FD31CEA91A6009C14AE /* Project object */;
}
